
Microsoft Visual Studio Solution File, Format Version 12.00
# Visual Studio Version 17
VisualStudioVersion = 17.3.32804.467
MinimumVisualStudioVersion = 10.0.40219.1
Project("{FAE04EC0-301F-11D3-BF4B-00C04F79EFBC}") = "BlazorApp1", "BlazorApp1\BlazorApp1.csproj", "{5ED0A8C5-1DCA-4840-9F92-C2842D6A483C}"
EndProject
Global
	GlobalSection(SolutionConfigurationPlatforms) = preSolution
		Debug|Any CPU = Debug|Any CPU
		Release|Any CPU = Release|Any CPU
	EndGlobalSection
	GlobalSection(ProjectConfigurationPlatforms) = postSolution
		{5ED0A8C5-1DCA-4840-9F92-C2842D6A483C}.Debug|Any CPU.ActiveCfg = Debug|Any CPU
		{5ED0A8C5-1DCA-4840-9F92-C2842D6A483C}.Debug|Any CPU.Build.0 = Debug|Any CPU
		{5ED0A8C5-1DCA-4840-9F92-C2842D6A483C}.Release|Any CPU.ActiveCfg = Release|Any CPU
		{5ED0A8C5-1DCA-4840-9F92-C2842D6A483C}.Release|Any CPU.Build.0 = Release|Any CPU
	EndGlobalSection
	GlobalSection(SolutionProperties) = preSolution
		HideSolutionNode = FALSE
	EndGlobalSection
	GlobalSection(ExtensibilityGlobals) = postSolution
		SolutionGuid = {E38B9712-75BD-46A7-BF4C-D75663BB2DDE}
	EndGlobalSection
EndGlobal
